
Microsoft Visual Studio Solution File, Format Version 12.00
# Visual Studio Version 16
VisualStudioVersion = 16.0.30907.101
MinimumVisualStudioVersion = 10.0.40219.1
Project("{FAE04EC0-301F-11D3-BF4B-00C04F79EFBC}") = "BasicBankAccount", "bankaHesabiVeKMH\BasicBankAccount.csproj", "{BDF25FB8-DA0D-4072-BE94-A7ADBD09E923}"
EndProject
Global
	GlobalSection(SolutionConfigurationPlatforms) = preSolution
		Debug|Any CPU = Debug|Any CPU
		Release|Any CPU = Release|Any CPU
	EndGlobalSection
	GlobalSection(ProjectConfigurationPlatforms) = postSolution
		{BDF25FB8-DA0D-4072-BE94-A7ADBD09E923}.Debug|Any CPU.ActiveCfg = Debug|Any CPU
		{BDF25FB8-DA0D-4072-BE94-A7ADBD09E923}.Debug|Any CPU.Build.0 = Debug|Any CPU
		{BDF25FB8-DA0D-4072-BE94-A7ADBD09E923}.Release|Any CPU.ActiveCfg = Release|Any CPU
		{BDF25FB8-DA0D-4072-BE94-A7ADBD09E923}.Release|Any CPU.Build.0 = Release|Any CPU
	EndGlobalSection
	GlobalSection(SolutionProperties) = preSolution
		HideSolutionNode = FALSE
	EndGlobalSection
	GlobalSection(ExtensibilityGlobals) = postSolution
		SolutionGuid = {4349A657-0E73-4EBD-8DBF-89B8C4D1E768}
	EndGlobalSection
EndGlobal
